
Microsoft Visual Studio Solution File, Format Version 12.00
# Visual Studio Version 17
VisualStudioVersion = 17.0.32014.148
MinimumVisualStudioVersion = 10.0.40219.1
Project("{9A19103F-16F7-4668-BE54-9A1E7A4F7556}") = "MeninoDev", "MeninoDev\MeninoDev.csproj", "{71ECA5BA-1C13-4AB3-B7AF-FE656BF0F1E8}"
EndProject
Project("{9A19103F-16F7-4668-BE54-9A1E7A4F7556}") = "MeninoDev.Entidades", "MeninoDev.Entidades\MeninoDev.Entidades.csproj", "{2230814A-33C8-4D62-A80D-D9B3E67726F3}"
EndProject
Global
	GlobalSection(SolutionConfigurationPlatforms) = preSolution
		Debug|Any CPU = Debug|Any CPU
		Debug|x64 = Debug|x64
		Debug|x86 = Debug|x86
		Release|Any CPU = Release|Any CPU
		Release|x64 = Release|x64
		Release|x86 = Release|x86
	EndGlobalSection
	GlobalSection(ProjectConfigurationPlatforms) = postSolution
		{71ECA5BA-1C13-4AB3-B7AF-FE656BF0F1E8}.Debug|Any CPU.ActiveCfg = Debug|Any CPU
		{71ECA5BA-1C13-4AB3-B7AF-FE656BF0F1E8}.Debug|Any CPU.Build.0 = Debug|Any CPU
		{71ECA5BA-1C13-4AB3-B7AF-FE656BF0F1E8}.Debug|x64.ActiveCfg = Debug|x64
		{71ECA5BA-1C13-4AB3-B7AF-FE656BF0F1E8}.Debug|x64.Build.0 = Debug|x64
		{71ECA5BA-1C13-4AB3-B7AF-FE656BF0F1E8}.Debug|x86.ActiveCfg = Debug|x86
		{71ECA5BA-1C13-4AB3-B7AF-FE656BF0F1E8}.Debug|x86.Build.0 = Debug|x86
		{71ECA5BA-1C13-4AB3-B7AF-FE656BF0F1E8}.Release|Any CPU.ActiveCfg = Release|Any CPU
		{71ECA5BA-1C13-4AB3-B7AF-FE656BF0F1E8}.Release|Any CPU.Build.0 = Release|Any CPU
		{71ECA5BA-1C13-4AB3-B7AF-FE656BF0F1E8}.Release|x64.ActiveCfg = Release|x64
		{71ECA5BA-1C13-4AB3-B7AF-FE656BF0F1E8}.Release|x64.Build.0 = Release|x64
		{71ECA5BA-1C13-4AB3-B7AF-FE656BF0F1E8}.Release|x86.ActiveCfg = Release|x86
		{71ECA5BA-1C13-4AB3-B7AF-FE656BF0F1E8}.Release|x86.Build.0 = Release|x86
		{2230814A-33C8-4D62-A80D-D9B3E67726F3}.Debug|Any CPU.ActiveCfg = Debug|Any CPU
		{2230814A-33C8-4D62-A80D-D9B3E67726F3}.Debug|Any CPU.Build.0 = Debug|Any CPU
		{2230814A-33C8-4D62-A80D-D9B3E67726F3}.Debug|x64.ActiveCfg = Debug|x64
		{2230814A-33C8-4D62-A80D-D9B3E67726F3}.Debug|x64.Build.0 = Debug|x64
		{2230814A-33C8-4D62-A80D-D9B3E67726F3}.Debug|x86.ActiveCfg = Debug|x86
		{2230814A-33C8-4D62-A80D-D9B3E67726F3}.Debug|x86.Build.0 = Debug|x86
		{2230814A-33C8-4D62-A80D-D9B3E67726F3}.Release|Any CPU.ActiveCfg = Release|Any CPU
		{2230814A-33C8-4D62-A80D-D9B3E67726F3}.Release|Any CPU.Build.0 = Release|Any CPU
		{2230814A-33C8-4D62-A80D-D9B3E67726F3}.Release|x64.ActiveCfg = Release|x64
		{2230814A-33C8-4D62-A80D-D9B3E67726F3}.Release|x64.Build.0 = Release|x64
		{2230814A-33C8-4D62-A80D-D9B3E67726F3}.Release|x86.ActiveCfg = Release|x86
		{2230814A-33C8-4D62-A80D-D9B3E67726F3}.Release|x86.Build.0 = Release|x86
	EndGlobalSection
	GlobalSection(SolutionProperties) = preSolution
		HideSolutionNode = FALSE
	EndGlobalSection
	GlobalSection(ExtensibilityGlobals) = postSolution
		SolutionGuid = {1007F0C2-3A08-4C51-A23D-067FC00E4D18}
	EndGlobalSection
EndGlobal
